
Microsoft Visual Studio Solution File, Format Version 12.00
# Visual Studio Version 17
VisualStudioVersion = 17.8.34330.188
MinimumVisualStudioVersion = 10.0.40219.1
Project("{8BC9CEB8-8B4A-11D0-8D11-00A0C91BC942}") = "bisexto", "bisexto\bisexto.vcxproj", "{FB618D26-4A58-43F7-8E0C-B47C32A618D5}"
EndProject
Global
	GlobalSection(SolutionConfigurationPlatforms) = preSolution
		Debug|x64 = Debug|x64
		Debug|x86 = Debug|x86
		Release|x64 = Release|x64
		Release|x86 = Release|x86
	EndGlobalSection
	GlobalSection(ProjectConfigurationPlatforms) = postSolution
		{FB618D26-4A58-43F7-8E0C-B47C32A618D5}.Debug|x64.ActiveCfg = Debug|x64
		{FB618D26-4A58-43F7-8E0C-B47C32A618D5}.Debug|x64.Build.0 = Debug|x64
		{FB618D26-4A58-43F7-8E0C-B47C32A618D5}.Debug|x86.ActiveCfg = Debug|Win32
		{FB618D26-4A58-43F7-8E0C-B47C32A618D5}.Debug|x86.Build.0 = Debug|Win32
		{FB618D26-4A58-43F7-8E0C-B47C32A618D5}.Release|x64.ActiveCfg = Release|x64
		{FB618D26-4A58-43F7-8E0C-B47C32A618D5}.Release|x64.Build.0 = Release|x64
		{FB618D26-4A58-43F7-8E0C-B47C32A618D5}.Release|x86.ActiveCfg = Release|Win32
		{FB618D26-4A58-43F7-8E0C-B47C32A618D5}.Release|x86.Build.0 = Release|Win32
	EndGlobalSection
	GlobalSection(SolutionProperties) = preSolution
		HideSolutionNode = FALSE
	EndGlobalSection
	GlobalSection(ExtensibilityGlobals) = postSolution
		SolutionGuid = {FA510B01-E96C-4369-B680-A9C923347A99}
	EndGlobalSection
EndGlobal
